lockfileVersion: 5.3

importers:

  .:
    specifiers:
      '@tsconfig/recommended': 1.0.1
      '@types/node': 16.10.1
      '@typescript-eslint/eslint-plugin': 4.31.2
      '@typescript-eslint/parser': 4.31.2
      typescript: 4.4.3
      vite: 2.5.10
    devDependencies:
      '@tsconfig/recommended': 1.0.1
      '@types/node': 16.10.1
      '@typescript-eslint/eslint-plugin': 4.31.2_d557741ab4bcd30deb6001ded61fe3d8
      '@typescript-eslint/parser': 4.31.2_typescript@4.4.3
      typescript: 4.4.3
      vite: 2.5.10

  paintlets/contours:
    specifiers:
      canvas-sketch-util: 1.10.0
      chroma-js: 2.1.2
      marchingsquares: 1.3.3
      simplex-noise: 3.0.0
    dependencies:
      simplex-noise: 3.0.0
    devDependencies:
      canvas-sketch-util: 1.10.0
      chroma-js: 2.1.2
      marchingsquares: 1.3.3

packages:

  /@nodelib/fs.scandir/2.1.5:
    resolution: {integrity: sha512-vq24Bq3ym5HEQm2NKCr3yXDwjc7vTsEThRDnkp2DK9p1uqLR+DHurm/NOTo0KG7HYHU7eppKZj3MyqYuMBf62g==}
    engines: {node: '>= 8'}
    dependencies:
      '@nodelib/fs.stat': 2.0.5
      run-parallel: 1.2.0
    dev: true

  /@nodelib/fs.stat/2.0.5:
    resolution: {integrity: sha512-RkhPPp2zrqDAQA/2jNhnztcPAlv64XdhIp7a7454A5ovI7Bukxgt7MX7udwAu3zg1DcpPU0rz3VV1SeaqvY4+A==}
    engines: {node: '>= 8'}
    dev: true

  /@nodelib/fs.walk/1.2.8:
    resolution: {integrity: sha512-oGB+UxlgWcgQkgwo8GcEGwemoTFt3FIO9ababBmaGwXIoBKZ+GTy0pP185beGg7Llih/NSHSV2XAs1lnznocSg==}
    engines: {node: '>= 8'}
    dependencies:
      '@nodelib/fs.scandir': 2.1.5
      fastq: 1.13.0
    dev: true

  /@tsconfig/recommended/1.0.1:
    resolution: {integrity: sha512-2xN+iGTbPBEzGSnVp/Hd64vKJCJWxsi9gfs88x4PPMyEjHJoA3o5BY9r5OLPHIZU2pAQxkSAsJFqn6itClP8mQ==}
    dev: true

  /@types/json-schema/7.0.9:
    resolution: {integrity: sha512-qcUXuemtEu+E5wZSJHNxUXeCZhAfXKQ41D+duX+VYPde7xyEVZci+/oXKJL13tnRs9lR2pr4fod59GT6/X1/yQ==}
    dev: true

  /@types/node/16.10.1:
    resolution: {integrity: sha512-4/Z9DMPKFexZj/Gn3LylFgamNKHm4K3QDi0gz9B26Uk0c8izYf97B5fxfpspMNkWlFupblKM/nV8+NA9Ffvr+w==}
    dev: true

  /@typescript-eslint/eslint-plugin/4.31.2_d557741ab4bcd30deb6001ded61fe3d8:
    resolution: {integrity: sha512-w63SCQ4bIwWN/+3FxzpnWrDjQRXVEGiTt9tJTRptRXeFvdZc/wLiz3FQUwNQ2CVoRGI6KUWMNUj/pk63noUfcA==}
    engines: {node: ^10.12.0 || >=12.0.0}
    peerDependencies:
      '@typescript-eslint/parser': ^4.0.0
      eslint: ^5.0.0 || ^6.0.0 || ^7.0.0
      typescript: '*'
    peerDependenciesMeta:
      typescript:
        optional: true
    dependencies:
      '@typescript-eslint/experimental-utils': 4.31.2_typescript@4.4.3
      '@typescript-eslint/parser': 4.31.2_typescript@4.4.3
      '@typescript-eslint/scope-manager': 4.31.2
      debug: 4.3.2
      functional-red-black-tree: 1.0.1
      regexpp: 3.2.0
      semver: 7.3.5
      tsutils: 3.21.0_typescript@4.4.3
      typescript: 4.4.3
    transitivePeerDependencies:
      - supports-color
    dev: true

  /@typescript-eslint/experimental-utils/4.31.2_typescript@4.4.3:
    resolution: {integrity: sha512-3tm2T4nyA970yQ6R3JZV9l0yilE2FedYg8dcXrTar34zC9r6JB7WyBQbpIVongKPlhEMjhQ01qkwrzWy38Bk1Q==}
    engines: {node: ^10.12.0 || >=12.0.0}
    peerDependencies:
      eslint: '*'
    dependencies:
      '@types/json-schema': 7.0.9
      '@typescript-eslint/scope-manager': 4.31.2
      '@typescript-eslint/types': 4.31.2
      '@typescript-eslint/typescript-estree': 4.31.2_typescript@4.4.3
      eslint-scope: 5.1.1
      eslint-utils: 3.0.0
    transitivePeerDependencies:
      - supports-color
      - typescript
    dev: true

  /@typescript-eslint/parser/4.31.2_typescript@4.4.3:
    resolution: {integrity: sha512-EcdO0E7M/sv23S/rLvenHkb58l3XhuSZzKf6DBvLgHqOYdL6YFMYVtreGFWirxaU2mS1GYDby3Lyxco7X5+Vjw==}
    engines: {node: ^10.12.0 || >=12.0.0}
    peerDependencies:
      eslint: ^5.0.0 || ^6.0.0 || ^7.0.0
      typescript: '*'
    peerDependenciesMeta:
      typescript:
        optional: true
    dependencies:
      '@typescript-eslint/scope-manager': 4.31.2
      '@typescript-eslint/types': 4.31.2
      '@typescript-eslint/typescript-estree': 4.31.2_typescript@4.4.3
      debug: 4.3.2
      typescript: 4.4.3
    transitivePeerDependencies:
      - supports-color
    dev: true

  /@typescript-eslint/scope-manager/4.31.2:
    resolution: {integrity: sha512-2JGwudpFoR/3Czq6mPpE8zBPYdHWFGL6lUNIGolbKQeSNv4EAiHaR5GVDQaLA0FwgcdcMtRk+SBJbFGL7+La5w==}
    engines: {node: ^8.10.0 || ^10.13.0 || >=11.10.1}
    dependencies:
      '@typescript-eslint/types': 4.31.2
      '@typescript-eslint/visitor-keys': 4.31.2
    dev: true

  /@typescript-eslint/types/4.31.2:
    resolution: {integrity: sha512-kWiTTBCTKEdBGrZKwFvOlGNcAsKGJSBc8xLvSjSppFO88AqGxGNYtF36EuEYG6XZ9vT0xX8RNiHbQUKglbSi1w==}
    engines: {node: ^8.10.0 || ^10.13.0 || >=11.10.1}
    dev: true

  /@typescript-eslint/typescript-estree/4.31.2_typescript@4.4.3:
    resolution: {integrity: sha512-ieBq8U9at6PvaC7/Z6oe8D3czeW5d//Fo1xkF/s9394VR0bg/UaMYPdARiWyKX+lLEjY3w/FNZJxitMsiWv+wA==}
    engines: {node: ^10.12.0 || >=12.0.0}
    peerDependencies:
      typescript: '*'
    peerDependenciesMeta:
      typescript:
        optional: true
    dependencies:
      '@typescript-eslint/types': 4.31.2
      '@typescript-eslint/visitor-keys': 4.31.2
      debug: 4.3.2
      globby: 11.0.4
      is-glob: 4.0.1
      semver: 7.3.5
      tsutils: 3.21.0_typescript@4.4.3
      typescript: 4.4.3
    transitivePeerDependencies:
      - supports-color
    dev: true

  /@typescript-eslint/visitor-keys/4.31.2:
    resolution: {integrity: sha512-PrBId7EQq2Nibns7dd/ch6S6/M4/iwLM9McbgeEbCXfxdwRUNxJ4UNreJ6Gh3fI2GNKNrWnQxKL7oCPmngKBug==}
    engines: {node: ^8.10.0 || ^10.13.0 || >=11.10.1}
    dependencies:
      '@typescript-eslint/types': 4.31.2
      eslint-visitor-keys: 2.1.0
    dev: true

  /abs-svg-path/0.1.1:
    resolution: {integrity: sha1-32Acjo0roQ1KdtYl4japo5wnI78=}
    dev: true

  /adaptive-bezier-curve/1.0.3:
    resolution: {integrity: sha1-R3V3q+h9coDUbKQWSfbCJkb+gic=}
    dev: true

  /almost-equal/0.0.0:
    resolution: {integrity: sha1-56Wms0V7Z8g+4ARPmo0HY3NV8C0=}
    dev: true

  /almost-equal/1.1.0:
    resolution: {integrity: sha1-+FHGMROHV5lCdqou++jfowZszN0=}
    dev: true

  /an-array/1.0.0:
    resolution: {integrity: sha1-wSWlu4JXd4419LT2qpx9D6nkJmU=}
    dev: true

  /array-almost-equal/1.0.0:
    resolution: {integrity: sha1-Q8VP9DUELpy/pCEqxJraX8c1n8U=}
    dependencies:
      almost-equal: 0.0.0
      an-array: 1.0.0
    dev: true

  /array-union/2.1.0:
    resolution: {integrity: sha512-HGyxoOTYUyCM6stUe6EJgnd4EoewAI7zMdfqO+kGjnlZmBDz/cR5pf8r/cR4Wq60sL/p0IkcjUEEPwS3GFrIyw==}
    engines: {node: '>=8'}
    dev: true

  /braces/3.0.2:
    resolution: {integrity: sha512-b8um+L1RzM3WDSzvhm6gIz1yfTbBt6YTlcEKAvsmqCZZFw46z626lVj9j1yEPW33H5H+lBQpZMP1k8l+78Ha0A==}
    engines: {node: '>=8'}
    dependencies:
      fill-range: 7.0.1
    dev: true

  /canvas-sketch-util/1.10.0:
    resolution: {integrity: sha512-IiJWEQDBinl6KZVLYcdp79ZJXXKsS1HuDUoWtwWh0NJMVUA6jaM0pxcBRYiaujBXjQFPT91pl8L9iFFmma3+zA==}
    dependencies:
      abs-svg-path: 0.1.1
      almost-equal: 1.1.0
      array-almost-equal: 1.0.0
      clone: 2.1.2
      color-luminance: 2.1.0
      convert-length: 1.0.1
      d3-path: 1.0.9
      defined: 1.0.0
      float-hsl2rgb: 1.0.2
      float-rgb2hsl: 1.0.1
      lineclip: 1.1.5
      normalize-svg-path: 1.1.0
      parse-color: 1.0.0
      parse-svg-path: 0.1.2
      primitive-quad: 2.0.0
      regl: 1.7.0
      seed-random: 2.2.0
      simplex-noise: 2.4.0
      svg-path-contours: 2.0.0
    dev: true

  /chroma-js/2.1.2:
    resolution: {integrity: sha512-ri/ouYDWuxfus3UcaMxC1Tfp3IE9K5iQzxc2hSxbBRVNQFut1UuGAsZmiAf2mOUubzGJwgMSv9lHg+XqLaz1QQ==}
    dependencies:
      cross-env: 6.0.3
    dev: true

  /clone/2.1.2:
    resolution: {integrity: sha1-G39Ln1kfHo+DZwQBYANFoCiHQ18=}
    engines: {node: '>=0.8'}
    dev: true

  /color-convert/0.5.3:
    resolution: {integrity: sha1-vbbGnOZg+t/+CwAHzER+G59ygr0=}
    dev: true

  /color-luminance/2.1.0:
    resolution: {integrity: sha1-WP8uvTK1LQf1N47v5aDnnWsxitc=}
    dev: true

  /convert-length/1.0.1:
    resolution: {integrity: sha512-w94Vge3sck6J1NHuA0du367/JTbj1zfjTapX7ixR2W+KlU4zb+NRTbou3x9nTpm5vlcXmjoaUJQpVN9pULCdxQ==}
    dependencies:
      defined: 1.0.0
    dev: true

  /cross-env/6.0.3:
    resolution: {integrity: sha512-+KqxF6LCvfhWvADcDPqo64yVIB31gv/jQulX2NGzKS/g3GEVz6/pt4wjHFtFWsHMddebWD/sDthJemzM4MaAag==}
    engines: {node: '>=8.0'}
    hasBin: true
    dependencies:
      cross-spawn: 7.0.3
    dev: true

  /cross-spawn/7.0.3:
    resolution: {integrity: sha512-iRDPJKUPVEND7dHPO8rkbOnPpyDygcDFtWjpeWNCgy8WP2rXcxXL8TskReQl6OrB2G7+UJrags1q15Fudc7G6w==}
    engines: {node: '>= 8'}
    dependencies:
      path-key: 3.1.1
      shebang-command: 2.0.0
      which: 2.0.2
    dev: true

  /d3-path/1.0.9:
    resolution: {integrity: sha512-VLaYcn81dtHVTjEHd8B+pbe9yHWpXKZUC87PzoFmsFrJqgFwDe/qxfp5MlfsfM1V5E/iVt0MmEbWQ7FVIXh/bg==}
    dev: true

  /debug/4.3.2:
    resolution: {integrity: sha512-mOp8wKcvj7XxC78zLgw/ZA+6TSgkoE2C/ienthhRD298T7UNwAg9diBpLRxC0mOezLl4B0xV7M0cCO6P/O0Xhw==}
    engines: {node: '>=6.0'}
    peerDependencies:
      supports-color: '*'
    peerDependenciesMeta:
      supports-color:
        optional: true
    dependencies:
      ms: 2.1.2
    dev: true

  /defined/1.0.0:
    resolution: {integrity: sha1-yY2bzvdWdBiOEQlpFRGZ45sfppM=}
    dev: true

  /dir-glob/3.0.1:
    resolution: {integrity: sha512-WkrWp9GR4KXfKGYzOLmTuGVi1UWFfws377n9cc55/tb6DuqyF6pcQ5AbiHEshaDpY9v6oaSr2XCDidGmMwdzIA==}
    engines: {node: '>=8'}
    dependencies:
      path-type: 4.0.0
    dev: true

  /esbuild/0.12.29:
    resolution: {integrity: sha512-w/XuoBCSwepyiZtIRsKsetiLDUVGPVw1E/R3VTFSecIy8UR7Cq3SOtwKHJMFoVqqVG36aGkzh4e8BvpO1Fdc7g==}
    hasBin: true
    requiresBuild: true
    dev: true

  /eslint-scope/5.1.1:
    resolution: {integrity: sha512-2NxwbF/hZ0KpepYN0cNbo+FN6XoK7GaHlQhgx/hIZl6Va0bF45RQOOwhLIy8lQDbuCiadSLCBnH2CFYquit5bw==}
    engines: {node: '>=8.0.0'}
    dependencies:
      esrecurse: 4.3.0
      estraverse: 4.3.0
    dev: true

  /eslint-utils/3.0.0:
    resolution: {integrity: sha512-uuQC43IGctw68pJA1RgbQS8/NP7rch6Cwd4j3ZBtgo4/8Flj4eGE7ZYSZRN3iq5pVUv6GPdW5Z1RFleo84uLDA==}
    engines: {node: ^10.0.0 || ^12.0.0 || >= 14.0.0}
    peerDependencies:
      eslint: '>=5'
    dependencies:
      eslint-visitor-keys: 2.1.0
    dev: true

  /eslint-visitor-keys/2.1.0:
    resolution: {integrity: sha512-0rSmRBzXgDzIsD6mGdJgevzgezI534Cer5L/vyMX0kHzT/jiB43jRhd9YUlMGYLQy2zprNmoT8qasCGtY+QaKw==}
    engines: {node: '>=10'}
    dev: true

  /esrecurse/4.3.0:
    resolution: {integrity: sha512-KmfKL3b6G+RXvP8N1vr3Tq1kL/oCFgn2NYXEtqP8/L3pKapUA4G8cFVaoF3SU323CD4XypR/ffioHmkti6/Tag==}
    engines: {node: '>=4.0'}
    dependencies:
      estraverse: 5.2.0
    dev: true

  /estraverse/4.3.0:
    resolution: {integrity: sha512-39nnKffWz8xN1BU/2c79n9nB9HDzo0niYUqx6xyqUnyoAnQyyWpOTdZEeiCch8BBu515t4wp9ZmgVfVhn9EBpw==}
    engines: {node: '>=4.0'}
    dev: true

  /estraverse/5.2.0:
    resolution: {integrity: sha512-BxbNGGNm0RyRYvUdHpIwv9IWzeM9XClbOxwoATuFdOE7ZE6wHL+HQ5T8hoPM+zHvmKzzsEqhgy0GrQ5X13afiQ==}
    engines: {node: '>=4.0'}
    dev: true

  /fast-glob/3.2.7:
    resolution: {integrity: sha512-rYGMRwip6lUMvYD3BTScMwT1HtAs2d71SMv66Vrxs0IekGZEjhM0pcMfjQPnknBt2zeCwQMEupiN02ZP4DiT1Q==}
    engines: {node: '>=8'}
    dependencies:
      '@nodelib/fs.stat': 2.0.5
      '@nodelib/fs.walk': 1.2.8
      glob-parent: 5.1.2
      merge2: 1.4.1
      micromatch: 4.0.4
    dev: true

  /fastq/1.13.0:
    resolution: {integrity: sha512-YpkpUnK8od0o1hmeSc7UUs/eB/vIPWJYjKck2QKIzAf71Vm1AAQ3EbuZB3g2JIy+pg+ERD0vqI79KyZiB2e2Nw==}
    dependencies:
      reusify: 1.0.4
    dev: true

  /fill-range/7.0.1:
    resolution: {integrity: sha512-qOo9F+dMUmC2Lcb4BbVvnKJxTPjCm+RRpe4gDuGrzkL7mEVl/djYSu2OdQ2Pa302N4oqkSg9ir6jaLWJ2USVpQ==}
    engines: {node: '>=8'}
    dependencies:
      to-regex-range: 5.0.1
    dev: true

  /float-hsl2rgb/1.0.2:
    resolution: {integrity: sha1-7PNQnECsZWfJaiBGIrDExL9DyKE=}
    dev: true

  /float-rgb2hsl/1.0.1:
    resolution: {integrity: sha1-jv6qD8cm5TNjp5vz9jYIIFXBDA4=}
    dev: true

  /fsevents/2.3.2:
    resolution: {integrity: sha512-xiqMQR4xAeHTuB9uWm+fFRcIOgKBMiOBP+eXiyT7jsgVCq1bkVygt00oASowB7EdtpOHaaPgKt812P9ab+DDKA==}
    engines: {node: ^8.16.0 || ^10.6.0 || >=11.0.0}
    os: [darwin]
    requiresBuild: true
    dev: true
    optional: true

  /function-bind/1.1.1:
    resolution: {integrity: sha512-yIovAzMX49sF8Yl58fSCWJ5svSLuaibPxXQJFLmBObTuCr0Mf1KiPopGM9NiFjiYBCbfaa2Fh6breQ6ANVTI0A==}
    dev: true

  /functional-red-black-tree/1.0.1:
    resolution: {integrity: sha1-GwqzvVU7Kg1jmdKcDj6gslIHgyc=}
    dev: true

  /glob-parent/5.1.2:
    resolution: {integrity: sha512-AOIgSQCepiJYwP3ARnGx+5VnTu2HBYdzbGP45eLw1vr3zB3vZLeyed1sC9hnbcOc9/SrMyM5RPQrkGz4aS9Zow==}
    engines: {node: '>= 6'}
    dependencies:
      is-glob: 4.0.1
    dev: true

  /globby/11.0.4:
    resolution: {integrity: sha512-9O4MVG9ioZJ08ffbcyVYyLOJLk5JQ688pJ4eMGLpdWLHq/Wr1D9BlriLQyL0E+jbkuePVZXYFj47QM/v093wHg==}
    engines: {node: '>=10'}
    dependencies:
      array-union: 2.1.0
      dir-glob: 3.0.1
      fast-glob: 3.2.7
      ignore: 5.1.8
      merge2: 1.4.1
      slash: 3.0.0
    dev: true

  /has/1.0.3:
    resolution: {integrity: sha512-f2dvO0VU6Oej7RkWJGrehjbzMAjFp5/VKPp5tTpWIV4JHHZK1/BxbFRtf/siA2SWTe09caDmVtYYzWEIbBS4zw==}
    engines: {node: '>= 0.4.0'}
    dependencies:
      function-bind: 1.1.1
    dev: true

  /ignore/5.1.8:
    resolution: {integrity: sha512-BMpfD7PpiETpBl/A6S498BaIJ6Y/ABT93ETbby2fP00v4EbvPBXWEoaR1UBPKs3iR53pJY7EtZk5KACI57i1Uw==}
    engines: {node: '>= 4'}
    dev: true

  /is-core-module/2.6.0:
    resolution: {integrity: sha512-wShG8vs60jKfPWpF2KZRaAtvt3a20OAn7+IJ6hLPECpSABLcKtFKTTI4ZtH5QcBruBHlq+WsdHWyz0BCZW7svQ==}
    dependencies:
      has: 1.0.3
    dev: true

  /is-extglob/2.1.1:
    resolution: {integrity: sha1-qIwCU1eR8C7TfHahueqXc8gz+MI=}
    engines: {node: '>=0.10.0'}
    dev: true

  /is-glob/4.0.1:
    resolution: {integrity: sha512-5G0tKtBTFImOqDnLB2hG6Bp2qcKEFduo4tZu9MT/H6NQv/ghhy30o55ufafxJ/LdH79LLs2Kfrn85TLKyA7BUg==}
    engines: {node: '>=0.10.0'}
    dependencies:
      is-extglob: 2.1.1
    dev: true

  /is-number/7.0.0:
    resolution: {integrity: sha512-41Cifkg6e8TylSpdtTpeLVMqvSBEVzTttHvERD741+pnZ8ANv0004MRL43QKPDlK9cGvNp6NZWZUBlbGXYxxng==}
    engines: {node: '>=0.12.0'}
    dev: true

  /isexe/2.0.0:
    resolution: {integrity: sha1-6PvzdNxVb/iUehDcsFctYz8s+hA=}
    dev: true

  /lineclip/1.1.5:
    resolution: {integrity: sha1-K/JgZ9lDVP6r+R5CdoI221YW/RM=}
    dev: true

  /lru-cache/6.0.0:
    resolution: {integrity: sha512-Jo6dJ04CmSjuznwJSS3pUeWmd/H0ffTlkXXgwZi+eq1UCmqQwCh+eLsYOYCwY991i2Fah4h1BEMCx4qThGbsiA==}
    engines: {node: '>=10'}
    dependencies:
      yallist: 4.0.0
    dev: true

  /marchingsquares/1.3.3:
    resolution: {integrity: sha512-gz6nNQoVK7Lkh2pZulrT4qd4347S/toG9RXH2pyzhLgkL5mLkBoqgv4EvAGXcV0ikDW72n/OQb3Xe8bGagQZCg==}
    dev: true

  /merge2/1.4.1:
    resolution: {integrity: sha512-8q7VEgMJW4J8tcfVPy8g09NcQwZdbwFEqhe/WZkoIzjn/3TGDwtOCYtXGxA3O8tPzpczCCDgv+P2P5y00ZJOOg==}
    engines: {node: '>= 8'}
    dev: true

  /micromatch/4.0.4:
    resolution: {integrity: sha512-pRmzw/XUcwXGpD9aI9q/0XOwLNygjETJ8y0ao0wdqprrzDa4YnxLcz7fQRZr8voh8V10kGhABbNcHVk5wHgWwg==}
    engines: {node: '>=8.6'}
    dependencies:
      braces: 3.0.2
      picomatch: 2.3.0
    dev: true

  /ms/2.1.2:
    resolution: {integrity: sha512-sGkPx+VjMtmA6MX27oA4FBFELFCZZ4S4XqeGOXCv68tT+jb3vk/RyaKWP0PTKyWtmLSM0b+adUTEvbs1PEaH2w==}
    dev: true

  /nanocolors/0.2.3:
    resolution: {integrity: sha512-RxGTOApG8prHMA08UBMOT6qYzcBBW2EMBv7SRBqoXg/Dqp6G3yT7kLy1tpFuYLO+5h7eajmdiIHJA8oewN58XQ==}
    dev: true

  /nanoid/3.1.25:
    resolution: {integrity: sha512-rdwtIXaXCLFAQbnfqDRnI6jaRHp9fTcYBjtFKE8eezcZ7LuLjhUaQGNeMXf1HmRoCH32CLz6XwX0TtxEOS/A3Q==}
    engines: {node: ^10 || ^12 || ^13.7 || ^14 || >=15.0.1}
    hasBin: true
    dev: true

  /normalize-svg-path/0.1.0:
    resolution: {integrity: sha1-RWNg5g7Odfvve11+FgSA5//Rb+U=}
    dev: true

  /normalize-svg-path/1.1.0:
    resolution: {integrity: sha512-r9KHKG2UUeB5LoTouwDzBy2VxXlHsiM6fyLQvnJa0S5hrhzqElH/CH7TUGhT1fVvIYBIKf3OpY4YJ4CK+iaqHg==}
    dependencies:
      svg-arc-to-cubic-bezier: 3.2.0
    dev: true

  /parse-color/1.0.0:
    resolution: {integrity: sha1-e3SLlag/A/FqlPU15S1/PZRlhhk=}
    dependencies:
      color-convert: 0.5.3
    dev: true

  /parse-svg-path/0.1.2:
    resolution: {integrity: sha1-en7A0esG+lMlx9PgCbhZoJtdSes=}
    dev: true

  /path-key/3.1.1:
    resolution: {integrity: sha512-ojmeN0qd+y0jszEtoY48r0Peq5dwMEkIlCOu6Q5f41lfkswXuKtYrhgoTpLnyIcHm24Uhqx+5Tqm2InSwLhE6Q==}
    engines: {node: '>=8'}
    dev: true

  /path-parse/1.0.7:
    resolution: {integrity: sha512-LDJzPVEEEPR+y48z93A0Ed0yXb8pAByGWo/k5YYdYgpY2/2EsOsksJrq7lOHxryrVOn1ejG6oAp8ahvOIQD8sw==}
    dev: true

  /path-type/4.0.0:
    resolution: {integrity: sha512-gDKb8aZMDeD/tZWs9P6+q0J9Mwkdl6xMV8TjnGP3qJVJ06bdMgkbBlLU8IdfOsIsFz2BW1rNVT3XuNEl8zPAvw==}
    engines: {node: '>=8'}
    dev: true

  /picomatch/2.3.0:
    resolution: {integrity: sha512-lY1Q/PiJGC2zOv/z391WOTD+Z02bCgsFfvxoXXf6h7kv9o+WmsmzYqrAwY63sNgOxE4xEdq0WyUnXfKeBrSvYw==}
    engines: {node: '>=8.6'}
    dev: true

  /postcss/8.3.8:
    resolution: {integrity: sha512-GT5bTjjZnwDifajzczOC+r3FI3Cu+PgPvrsjhQdRqa2kTJ4968/X9CUce9xttIB0xOs5c6xf0TCWZo/y9lF6bA==}
    engines: {node: ^10 || ^12 || >=14}
    dependencies:
      nanocolors: 0.2.3
      nanoid: 3.1.25
      source-map-js: 0.6.2
    dev: true

  /primitive-quad/2.0.0:
    resolution: {integrity: sha1-wgmT5PlgAjiSa7UA5SkFMEPvius=}
    dev: true

  /queue-microtask/1.2.3:
    resolution: {integrity: sha512-NuaNSa6flKT5JaSYQzJok04JzTL1CA6aGhv5rfLW3PgqA+M2ChpZQnAC8h8i4ZFkBS8X5RqkDBHA7r4hej3K9A==}
    dev: true

  /regexpp/3.2.0:
    resolution: {integrity: sha512-pq2bWo9mVD43nbts2wGv17XLiNLya+GklZ8kaDLV2Z08gDCsGpnKn9BFMepvWuHCbyVvY7J5o5+BVvoQbmlJLg==}
    engines: {node: '>=8'}
    dev: true

  /regl/1.7.0:
    resolution: {integrity: sha512-bEAtp/qrtKucxXSJkD4ebopFZYP0q1+3Vb2WECWv/T8yQEgKxDxJ7ztO285tAMaYZVR6mM1GgI6CCn8FROtL1w==}
    dev: true

  /resolve/1.20.0:
    resolution: {integrity: sha512-wENBPt4ySzg4ybFQW2TT1zMQucPK95HSh/nq2CFTZVOGut2+pQvSsgtda4d26YrYcr067wjbmzOG8byDPBX63A==}
    dependencies:
      is-core-module: 2.6.0
      path-parse: 1.0.7
    dev: true

  /reusify/1.0.4:
    resolution: {integrity: sha512-U9nH88a3fc/ekCF1l0/UP1IosiuIjyTh7hBvXVMHYgVcfGvt897Xguj2UOLDeI5BG2m7/uwyaLVT6fbtCwTyzw==}
    engines: {iojs: '>=1.0.0', node: '>=0.10.0'}
    dev: true

  /rollup/2.57.0:
    resolution: {integrity: sha512-bKQIh1rWKofRee6mv8SrF2HdP6pea5QkwBZSMImJysFj39gQuiV8MEPBjXOCpzk3wSYp63M2v2wkWBmFC8O/rg==}
    engines: {node: '>=10.0.0'}
    hasBin: true
    optionalDependencies:
      fsevents: 2.3.2
    dev: true

  /run-parallel/1.2.0:
    resolution: {integrity: sha512-5l4VyZR86LZ/lDxZTR6jqL8AFE2S0IFLMP26AbjsLVADxHdhB/c0GUsH+y39UfCi3dzz8OlQuPmnaJOMoDHQBA==}
    dependencies:
      queue-microtask: 1.2.3
    dev: true

  /seed-random/2.2.0:
    resolution: {integrity: sha1-KpsZ4lCoFwmSMaW5mk2vgLf77VQ=}
    dev: true

  /semver/7.3.5:
    resolution: {integrity: sha512-PoeGJYh8HK4BTO/a9Tf6ZG3veo/A7ZVsYrSA6J8ny9nb3B1VrpkuN+z9OE5wfE5p6H4LchYZsegiQgbJD94ZFQ==}
    engines: {node: '>=10'}
    hasBin: true
    dependencies:
      lru-cache: 6.0.0
    dev: true

  /shebang-command/2.0.0:
    resolution: {integrity: sha512-kHxr2zZpYtdmrN1qDjrrX/Z1rR1kG8Dx+gkpK1G4eXmvXswmcE1hTWBWYUzlraYw1/yZp6YuDY77YtvbN0dmDA==}
    engines: {node: '>=8'}
    dependencies:
      shebang-regex: 3.0.0
    dev: true

  /shebang-regex/3.0.0:
    resolution: {integrity: sha512-7++dFhtcx3353uBaq8DDR4NuxBetBzC7ZQOhmTQInHEd6bSrXdiEyzCvG07Z44UYdLShWUyXt5M/yhz8ekcb1A==}
    engines: {node: '>=8'}
    dev: true

  /simplex-noise/2.4.0:
    resolution: {integrity: sha512-OjyDWm/QZjVbMrPxDVi9b2as+SeNn9EBXlrWVRlFW+TSyWMSXouDryXkQN0vf5YP+QZKobrmkvx1eQYPLtuqfw==}
    dev: true

  /simplex-noise/3.0.0:
    resolution: {integrity: sha512-sZP1EvUpRW/f3wjeSWUs94Xp4+S46oLGNiqkaROM92m3FvFm5ymJFMg67LcHpqikI8isXJlN/sE1Cfpe86xp0w==}
    dev: false

  /slash/3.0.0:
    resolution: {integrity: sha512-g9Q1haeby36OSStwb4ntCGGGaKsaVSjQ68fBxoQcutl5fS1vuY18H3wSt3jFyFtrkx+Kz0V1G85A4MyAdDMi2Q==}
    engines: {node: '>=8'}
    dev: true

  /source-map-js/0.6.2:
    resolution: {integrity: sha512-/3GptzWzu0+0MBQFrDKzw/DvvMTUORvgY6k6jd/VS6iCR4RDTKWH6v6WPwQoUO8667uQEf9Oe38DxAYWY5F/Ug==}
    engines: {node: '>=0.10.0'}
    dev: true

  /svg-arc-to-cubic-bezier/3.2.0:
    resolution: {integrity: sha512-djbJ/vZKZO+gPoSDThGNpKDO+o+bAeA4XQKovvkNCqnIS2t+S4qnLAGQhyyrulhCFRl1WWzAp0wUDV8PpTVU3g==}
    dev: true

  /svg-path-contours/2.0.0:
    resolution: {integrity: sha1-x2oSlCnbBette2Hk0cWNEUqJOKI=}
    dependencies:
      abs-svg-path: 0.1.1
      adaptive-bezier-curve: 1.0.3
      normalize-svg-path: 0.1.0
      vec2-copy: 1.0.0
    dev: true

  /to-regex-range/5.0.1:
    resolution: {integrity: sha512-65P7iz6X5yEr1cwcgvQxbbIw7Uk3gOy5dIdtZ4rDveLqhrdJP+Li/Hx6tyK0NEb+2GCyneCMJiGqrADCSNk8sQ==}
    engines: {node: '>=8.0'}
    dependencies:
      is-number: 7.0.0
    dev: true

  /tslib/1.14.1:
    resolution: {integrity: sha512-Xni35NKzjgMrwevysHTCArtLDpPvye8zV/0E4EyYn43P7/7qvQwPh9BGkHewbMulVntbigmcT7rdX3BNo9wRJg==}
    dev: true

  /tsutils/3.21.0_typescript@4.4.3:
    resolution: {integrity: sha512-mHKK3iUXL+3UF6xL5k0PEhKRUBKPBCv/+RkEOpjRWxxx27KKRBmmA60A9pgOUvMi8GKhRMPEmjBRPzs2W7O1OA==}
    engines: {node: '>= 6'}
    peerDependencies:
      typescript: '>=2.8.0 || >= 3.2.0-dev || >= 3.3.0-dev || >= 3.4.0-dev || >= 3.5.0-dev || >= 3.6.0-dev || >= 3.6.0-beta || >= 3.7.0-dev || >= 3.7.0-beta'
    dependencies:
      tslib: 1.14.1
      typescript: 4.4.3
    dev: true

  /typescript/4.4.3:
    resolution: {integrity: sha512-4xfscpisVgqqDfPaJo5vkd+Qd/ItkoagnHpufr+i2QCHBsNYp+G7UAoyFl8aPtx879u38wPV65rZ8qbGZijalA==}
    engines: {node: '>=4.2.0'}
    hasBin: true
    dev: true

  /vec2-copy/1.0.0:
    resolution: {integrity: sha1-xu7B2NrVRiUZTl9x+EM7YtLyCno=}
    dev: true

  /vite/2.5.10:
    resolution: {integrity: sha512-0ObiHTi5AHyXdJcvZ67HMsDgVpjT5RehvVKv6+Q0jFZ7zDI28PF5zK9mYz2avxdA+4iJMdwCz6wnGNnn4WX5Gg==}
    engines: {node: '>=12.2.0'}
    hasBin: true
    dependencies:
      esbuild: 0.12.29
      postcss: 8.3.8
      resolve: 1.20.0
      rollup: 2.57.0
    optionalDependencies:
      fsevents: 2.3.2
    dev: true

  /which/2.0.2:
    resolution: {integrity: sha512-BLI3Tl1TW3Pvl70l3yq3Y64i+awpwXqsGBYWkkqMtnbXgrMD+yj7rhW0kuEDxzJaYXGjEW5ogapKNMEKNMjibA==}
    engines: {node: '>= 8'}
    hasBin: true
    dependencies:
      isexe: 2.0.0
    dev: true

  /yallist/4.0.0:
    resolution: {integrity: sha512-3wdGidZyq5PB084XLES5TpOSRA3wjXAlIWMhum2kRcv/41Sn2emQ0dycQW4uZXLejwKvg6EsvbdlVL+FYEct7A==}
    dev: true
